
Microsoft Visual Studio Solution File, Format Version 12.00
# Visual Studio Version 17
VisualStudioVersion = 17.3.32929.385
MinimumVisualStudioVersion = 10.0.40219.1
Project("{9A19103F-16F7-4668-BE54-9A1E7A4F7556}") = "ToyRobot", "ToyRobot\ToyRobot.csproj", "{83FC3BDA-9686-418D-8E7D-98285A4610E2}"
EndProject
Project("{9A19103F-16F7-4668-BE54-9A1E7A4F7556}") = "ToyRobot.Lib", "ToyRobot.Lib\ToyRobot.Lib.csproj", "{2B916606-3CC5-47A3-BE73-511132B474B4}"
EndProject
Project("{9A19103F-16F7-4668-BE54-9A1E7A4F7556}") = "ToyRobot.Lib.Tests", "ToyRobot.Lib.Tests\ToyRobot.Lib.Tests.csproj", "{11C1629E-4C3E-47A0-9FE1-382E7D54955D}"
EndProject
Global
	GlobalSection(SolutionConfigurationPlatforms) = preSolution
		Debug|Any CPU = Debug|Any CPU
		Release|Any CPU = Release|Any CPU
	EndGlobalSection
	GlobalSection(ProjectConfigurationPlatforms) = postSolution
		{83FC3BDA-9686-418D-8E7D-98285A4610E2}.Debug|Any CPU.ActiveCfg = Debug|Any CPU
		{83FC3BDA-9686-418D-8E7D-98285A4610E2}.Debug|Any CPU.Build.0 = Debug|Any CPU
		{83FC3BDA-9686-418D-8E7D-98285A4610E2}.Release|Any CPU.ActiveCfg = Release|Any CPU
		{83FC3BDA-9686-418D-8E7D-98285A4610E2}.Release|Any CPU.Build.0 = Release|Any CPU
		{2B916606-3CC5-47A3-BE73-511132B474B4}.Debug|Any CPU.ActiveCfg = Debug|Any CPU
		{2B916606-3CC5-47A3-BE73-511132B474B4}.Debug|Any CPU.Build.0 = Debug|Any CPU
		{2B916606-3CC5-47A3-BE73-511132B474B4}.Release|Any CPU.ActiveCfg = Release|Any CPU
		{2B916606-3CC5-47A3-BE73-511132B474B4}.Release|Any CPU.Build.0 = Release|Any CPU
		{11C1629E-4C3E-47A0-9FE1-382E7D54955D}.Debug|Any CPU.ActiveCfg = Debug|Any CPU
		{11C1629E-4C3E-47A0-9FE1-382E7D54955D}.Debug|Any CPU.Build.0 = Debug|Any CPU
		{11C1629E-4C3E-47A0-9FE1-382E7D54955D}.Release|Any CPU.ActiveCfg = Release|Any CPU
		{11C1629E-4C3E-47A0-9FE1-382E7D54955D}.Release|Any CPU.Build.0 = Release|Any CPU
	EndGlobalSection
	GlobalSection(SolutionProperties) = preSolution
		HideSolutionNode = FALSE
	EndGlobalSection
	GlobalSection(ExtensibilityGlobals) = postSolution
		SolutionGuid = {3AFD8A5A-5CC0-437B-9CE5-5B6417230689}
	EndGlobalSection
EndGlobal
